
Microsoft Visual Studio Solution File, Format Version 12.00
# Visual Studio 2012
Project("{8BC9CEB8-8B4A-11D0-8D11-00A0C91BC942}") = "client", "loka3\loka3.vcxproj", "{DD44465D-4782-4410-9DA9-C5056E6719E4}"
	ProjectSection(ProjectDependencies) = postProject
		{B2B89909-AD34-45F9-B37A-1584ECAD2321} = {B2B89909-AD34-45F9-B37A-1584ECAD2321}
		{86ACF286-2D82-418C-9C6B-0FDAAC06590B} = {86ACF286-2D82-418C-9C6B-0FDAAC06590B}
	EndProjectSection
EndProject
Project("{8BC9CEB8-8B4A-11D0-8D11-00A0C91BC942}") = "Loka3Lib", "Loka3Lib\Loka3Lib.vcxproj", "{B2B89909-AD34-45F9-B37A-1584ECAD2321}"
EndProject
Project("{8BC9CEB8-8B4A-11D0-8D11-00A0C91BC942}") = "Loka4Lib", "Loka4Lib\Loka4Lib.vcxproj", "{86ACF286-2D82-418C-9C6B-0FDAAC06590B}"
EndProject
Global
	GlobalSection(SolutionConfigurationPlatforms) = preSolution
		Debug|Win32 = Debug|Win32
		Release|Win32 = Release|Win32
	EndGlobalSection
	GlobalSection(ProjectConfigurationPlatforms) = postSolution
		{DD44465D-4782-4410-9DA9-C5056E6719E4}.Debug|Win32.ActiveCfg = Debug|Win32
		{DD44465D-4782-4410-9DA9-C5056E6719E4}.Debug|Win32.Build.0 = Debug|Win32
		{DD44465D-4782-4410-9DA9-C5056E6719E4}.Release|Win32.ActiveCfg = Release|Win32
		{DD44465D-4782-4410-9DA9-C5056E6719E4}.Release|Win32.Build.0 = Release|Win32
		{B2B89909-AD34-45F9-B37A-1584ECAD2321}.Debug|Win32.ActiveCfg = Debug|Win32
		{B2B89909-AD34-45F9-B37A-1584ECAD2321}.Debug|Win32.Build.0 = Debug|Win32
		{B2B89909-AD34-45F9-B37A-1584ECAD2321}.Release|Win32.ActiveCfg = Release|Win32
		{B2B89909-AD34-45F9-B37A-1584ECAD2321}.Release|Win32.Build.0 = Release|Win32
		{86ACF286-2D82-418C-9C6B-0FDAAC06590B}.Debug|Win32.ActiveCfg = Debug|Win32
		{86ACF286-2D82-418C-9C6B-0FDAAC06590B}.Debug|Win32.Build.0 = Debug|Win32
		{86ACF286-2D82-418C-9C6B-0FDAAC06590B}.Release|Win32.ActiveCfg = Release|Win32
		{86ACF286-2D82-418C-9C6B-0FDAAC06590B}.Release|Win32.Build.0 = Release|Win32
	EndGlobalSection
	GlobalSection(SolutionProperties) = preSolution
		HideSolutionNode = FALSE
	EndGlobalSection
EndGlobal
